
Microsoft Visual Studio Solution File, Format Version 12.00
# Visual Studio 2012
Project("{F184B08F-C81C-45F6-A57F-5ABD9991F28F}") = "Go Team Project", "Go Team Project\Go Team Project.vbproj", "{1AFC4980-27E7-4010-96A9-985835379AF4}"
EndProject
Global
	GlobalSection(SolutionConfigurationPlatforms) = preSolution
		Debug|Any CPU = Debug|Any CPU
		Release|Any CPU = Release|Any CPU
	EndGlobalSection
	GlobalSection(ProjectConfigurationPlatforms) = postSolution
		{1AFC4980-27E7-4010-96A9-985835379AF4}.Debug|Any CPU.ActiveCfg = Debug|Any CPU
		{1AFC4980-27E7-4010-96A9-985835379AF4}.Debug|Any CPU.Build.0 = Debug|Any CPU
		{1AFC4980-27E7-4010-96A9-985835379AF4}.Release|Any CPU.ActiveCfg = Release|Any CPU
		{1AFC4980-27E7-4010-96A9-985835379AF4}.Release|Any CPU.Build.0 = Release|Any CPU
	EndGlobalSection
	GlobalSection(SolutionProperties) = preSolution
		HideSolutionNode = FALSE
	EndGlobalSection
EndGlobal
