
Microsoft Visual Studio Solution File, Format Version 11.00
# Visual Studio 2010
Project("{F184B08F-C81C-45F6-A57F-5ABD9991F28F}") = "Gentry Supplies Project", "Gentry Supplies Project\Gentry Supplies Project.vbproj", "{EDC03CDA-8DCD-4526-A6C0-2A3E4CDA7C12}"
EndProject
Global
	GlobalSection(SolutionConfigurationPlatforms) = preSolution
		Debug|Any CPU = Debug|Any CPU
		Release|Any CPU = Release|Any CPU
	EndGlobalSection
	GlobalSection(ProjectConfigurationPlatforms) = postSolution
		{EDC03CDA-8DCD-4526-A6C0-2A3E4CDA7C12}.Debug|Any CPU.ActiveCfg = Debug|Any CPU
		{EDC03CDA-8DCD-4526-A6C0-2A3E4CDA7C12}.Debug|Any CPU.Build.0 = Debug|Any CPU
		{EDC03CDA-8DCD-4526-A6C0-2A3E4CDA7C12}.Release|Any CPU.ActiveCfg = Release|Any CPU
		{EDC03CDA-8DCD-4526-A6C0-2A3E4CDA7C12}.Release|Any CPU.Build.0 = Release|Any CPU
	EndGlobalSection
	GlobalSection(SolutionProperties) = preSolution
		HideSolutionNode = FALSE
	EndGlobalSection
EndGlobal
