
Microsoft Visual Studio Solution File, Format Version 11.00
# Visual Studio 2010
Project("{F184B08F-C81C-45F6-A57F-5ABD9991F28F}") = "Color Viewer Project", "Color Viewer Project\Color Viewer Project.vbproj", "{AE23D5F6-E170-45B7-8EE4-6491CD1B1012}"
EndProject
Global
	GlobalSection(SolutionConfigurationPlatforms) = preSolution
		Debug|x86 = Debug|x86
		Release|x86 = Release|x86
	EndGlobalSection
	GlobalSection(ProjectConfigurationPlatforms) = postSolution
		{AE23D5F6-E170-45B7-8EE4-6491CD1B1012}.Debug|x86.ActiveCfg = Debug|x86
		{AE23D5F6-E170-45B7-8EE4-6491CD1B1012}.Debug|x86.Build.0 = Debug|x86
		{AE23D5F6-E170-45B7-8EE4-6491CD1B1012}.Release|x86.ActiveCfg = Release|x86
		{AE23D5F6-E170-45B7-8EE4-6491CD1B1012}.Release|x86.Build.0 = Release|x86
	EndGlobalSection
	GlobalSection(SolutionProperties) = preSolution
		HideSolutionNode = FALSE
	EndGlobalSection
EndGlobal
