
Microsoft Visual Studio Solution File, Format Version 12.00
# Visual Studio 2012
Project("{F184B08F-C81C-45F6-A57F-5ABD9991F28F}") = "Total Sales Project", "Total Sales Project\Total Sales Project.vbproj", "{4BFC2054-841B-4DAB-BA5C-AF16BE1BBCCF}"
EndProject
Global
	GlobalSection(SolutionConfigurationPlatforms) = preSolution
		Debug|Any CPU = Debug|Any CPU
		Release|Any CPU = Release|Any CPU
	EndGlobalSection
	GlobalSection(ProjectConfigurationPlatforms) = postSolution
		{4BFC2054-841B-4DAB-BA5C-AF16BE1BBCCF}.Debug|Any CPU.ActiveCfg = Debug|Any CPU
		{4BFC2054-841B-4DAB-BA5C-AF16BE1BBCCF}.Debug|Any CPU.Build.0 = Debug|Any CPU
		{4BFC2054-841B-4DAB-BA5C-AF16BE1BBCCF}.Release|Any CPU.ActiveCfg = Release|Any CPU
		{4BFC2054-841B-4DAB-BA5C-AF16BE1BBCCF}.Release|Any CPU.Build.0 = Release|Any CPU
	EndGlobalSection
	GlobalSection(SolutionProperties) = preSolution
		HideSolutionNode = FALSE
	EndGlobalSection
EndGlobal
