
Microsoft Visual Studio Solution File, Format Version 12.00
# Visual Studio 2012
Project("{F184B08F-C81C-45F6-A57F-5ABD9991F28F}") = "Sweets Project", "Sweets Project\Sweets Project.vbproj", "{2A897114-7B63-4875-8654-BB4D5C1CAFEC}"
EndProject
Global
	GlobalSection(SolutionConfigurationPlatforms) = preSolution
		Debug|Any CPU = Debug|Any CPU
		Release|Any CPU = Release|Any CPU
	EndGlobalSection
	GlobalSection(ProjectConfigurationPlatforms) = postSolution
		{2A897114-7B63-4875-8654-BB4D5C1CAFEC}.Debug|Any CPU.ActiveCfg = Debug|Any CPU
		{2A897114-7B63-4875-8654-BB4D5C1CAFEC}.Debug|Any CPU.Build.0 = Debug|Any CPU
		{2A897114-7B63-4875-8654-BB4D5C1CAFEC}.Release|Any CPU.ActiveCfg = Release|Any CPU
		{2A897114-7B63-4875-8654-BB4D5C1CAFEC}.Release|Any CPU.Build.0 = Release|Any CPU
	EndGlobalSection
	GlobalSection(SolutionProperties) = preSolution
		HideSolutionNode = FALSE
	EndGlobalSection
EndGlobal
