
Microsoft Visual Studio Solution File, Format Version 11.00
# Visual Studio 2010
Project("{F184B08F-C81C-45F6-A57F-5ABD9991F28F}") = "Trivia Game Project", "Trivia Game Project\Trivia Game Project.vbproj", "{4304A56B-8888-453D-BBE5-CD4C8D94C556}"
EndProject
Global
	GlobalSection(SolutionConfigurationPlatforms) = preSolution
		Debug|x86 = Debug|x86
		Release|x86 = Release|x86
	EndGlobalSection
	GlobalSection(ProjectConfigurationPlatforms) = postSolution
		{4304A56B-8888-453D-BBE5-CD4C8D94C556}.Debug|x86.ActiveCfg = Debug|x86
		{4304A56B-8888-453D-BBE5-CD4C8D94C556}.Debug|x86.Build.0 = Debug|x86
		{4304A56B-8888-453D-BBE5-CD4C8D94C556}.Release|x86.ActiveCfg = Release|x86
		{4304A56B-8888-453D-BBE5-CD4C8D94C556}.Release|x86.Build.0 = Release|x86
	EndGlobalSection
	GlobalSection(SolutionProperties) = preSolution
		HideSolutionNode = FALSE
	EndGlobalSection
EndGlobal
