
Microsoft Visual Studio Solution File, Format Version 12.00
# Visual Studio 2012
Project("{F184B08F-C81C-45F6-A57F-5ABD9991F28F}") = "Tips Project", "Tips Project\Tips Project.vbproj", "{DA6ABF61-55EA-481F-8E63-ECBD2F3B0C66}"
EndProject
Global
	GlobalSection(SolutionConfigurationPlatforms) = preSolution
		Debug|Any CPU = Debug|Any CPU
		Release|Any CPU = Release|Any CPU
	EndGlobalSection
	GlobalSection(ProjectConfigurationPlatforms) = postSolution
		{DA6ABF61-55EA-481F-8E63-ECBD2F3B0C66}.Debug|Any CPU.ActiveCfg = Debug|Any CPU
		{DA6ABF61-55EA-481F-8E63-ECBD2F3B0C66}.Debug|Any CPU.Build.0 = Debug|Any CPU
		{DA6ABF61-55EA-481F-8E63-ECBD2F3B0C66}.Release|Any CPU.ActiveCfg = Release|Any CPU
		{DA6ABF61-55EA-481F-8E63-ECBD2F3B0C66}.Release|Any CPU.Build.0 = Release|Any CPU
	EndGlobalSection
	GlobalSection(SolutionProperties) = preSolution
		HideSolutionNode = FALSE
	EndGlobalSection
EndGlobal
