
Microsoft Visual Studio Solution File, Format Version 12.00
# Visual Studio 2012
Project("{F184B08F-C81C-45F6-A57F-5ABD9991F28F}") = "Mason Project", "Mason Project\Mason Project.vbproj", "{6B2CD410-05C6-472B-A56C-812203DB7939}"
EndProject
Global
	GlobalSection(SolutionConfigurationPlatforms) = preSolution
		Debug|Any CPU = Debug|Any CPU
		Release|Any CPU = Release|Any CPU
	EndGlobalSection
	GlobalSection(ProjectConfigurationPlatforms) = postSolution
		{6B2CD410-05C6-472B-A56C-812203DB7939}.Debug|Any CPU.ActiveCfg = Debug|Any CPU
		{6B2CD410-05C6-472B-A56C-812203DB7939}.Debug|Any CPU.Build.0 = Debug|Any CPU
		{6B2CD410-05C6-472B-A56C-812203DB7939}.Release|Any CPU.ActiveCfg = Release|Any CPU
		{6B2CD410-05C6-472B-A56C-812203DB7939}.Release|Any CPU.Build.0 = Release|Any CPU
	EndGlobalSection
	GlobalSection(SolutionProperties) = preSolution
		HideSolutionNode = FALSE
	EndGlobalSection
EndGlobal
