
Microsoft Visual Studio Solution File, Format Version 12.00
# Visual Studio 2012
Project("{F184B08F-C81C-45F6-A57F-5ABD9991F28F}") = "Magazine Project", "Magazine Project\Magazine Project.vbproj", "{9CCEA178-97F9-4322-9FC8-2C914E5529F7}"
EndProject
Global
	GlobalSection(SolutionConfigurationPlatforms) = preSolution
		Debug|Any CPU = Debug|Any CPU
		Release|Any CPU = Release|Any CPU
	EndGlobalSection
	GlobalSection(ProjectConfigurationPlatforms) = postSolution
		{9CCEA178-97F9-4322-9FC8-2C914E5529F7}.Debug|Any CPU.ActiveCfg = Debug|Any CPU
		{9CCEA178-97F9-4322-9FC8-2C914E5529F7}.Debug|Any CPU.Build.0 = Debug|Any CPU
		{9CCEA178-97F9-4322-9FC8-2C914E5529F7}.Release|Any CPU.ActiveCfg = Release|Any CPU
		{9CCEA178-97F9-4322-9FC8-2C914E5529F7}.Release|Any CPU.Build.0 = Release|Any CPU
	EndGlobalSection
	GlobalSection(SolutionProperties) = preSolution
		HideSolutionNode = FALSE
	EndGlobalSection
EndGlobal
